<?xml version="1.0" encoding="utf-8"?>
<Project ToolsVersion="4.0" xmlns="http://schemas.microsoft.com/developer/msbuild/2003">
  <ItemGroup>
    <Filter Include="Pliki źródłowe">
      <UniqueIdentifier>{4FC737F1-C7A5-4376-A066-2A32D752A2FF}</UniqueIdentifier>
      <Extensions>cpp;c;cc;cxx;c++;cppm;ixx;def;odl;idl;hpj;bat;asm;asmx</Extensions>
    </Filter>
    <Filter Include="Pliki nagłówkowe">
      <UniqueIdentifier>{93995380-89BD-4b04-88EB-625FBE52EBFB}</UniqueIdentifier>
      <Extensions>h;hh;hpp;hxx;h++;hm;inl;inc;ipp;xsd</Extensions>
    </Filter>
    <Filter Include="Pliki zasobów">
      <UniqueIdentifier>{67DA6AB6-F800-4c08-8B7A-83BB121AAD01}</UniqueIdentifier>
      <Extensions>rc;ico;cur;bmp;dlg;rc2;rct;bin;rgs;gif;jpg;jpeg;jpe;resx;tiff;tif;png;wav;mfcribbon-ms</Extensions>
    </Filter>
  </ItemGroup>
  <ItemGroup>
    <ClCompile Include="main.cpp">
      <Filter>Pliki źródłowe</Filter>
    </ClCompile>
    <ClCompile Include="states\ConnectedState.cpp">
      <Filter>Pliki źródłowe</Filter>
    </ClCompile>
    <ClCompile Include="states\ConnectState.cpp">
      <Filter>Pliki źródłowe</Filter>
    </ClCompile>
    <ClCompile Include="states\MainMenuState.cpp">
      <Filter>Pliki źródłowe</Filter>
    </ClCompile>
    <ClCompile Include="states\SettingsState.cpp">
      <Filter>Pliki źródłowe</Filter>
    </ClCompile>
    <ClCompile Include="states\State.cpp">
      <Filter>Pliki źródłowe</Filter>
    </ClCompile>
    <ClCompile Include="App.cpp">
      <Filter>Pliki źródłowe</Filter>
    </ClCompile>
    <ClCompile Include="gui\Button.cpp">
      <Filter>Pliki źródłowe</Filter>
    </ClCompile>
    <ClCompile Include="gui\CheckBox.cpp">
      <Filter>Pliki źródłowe</Filter>
    </ClCompile>
    <ClCompile Include="gui\DropdownList.cpp">
      <Filter>Pliki źródłowe</Filter>
    </ClCompile>
    <ClCompile Include="gui\gui.cpp">
      <Filter>Pliki źródłowe</Filter>
    </ClCompile>
    <ClCompile Include="gui\InputBox.cpp">
      <Filter>Pliki źródłowe</Filter>
    </ClCompile>
    <ClCompile Include="gui\MessageBox.cpp">
      <Filter>Pliki źródłowe</Filter>
    </ClCompile>
  </ItemGroup>
  <ItemGroup>
    <ClInclude Include="states\ConnectedState.hpp">
      <Filter>Pliki nagłówkowe</Filter>
    </ClInclude>
    <ClInclude Include="states\ConnectState.hpp">
      <Filter>Pliki nagłówkowe</Filter>
    </ClInclude>
    <ClInclude Include="states\MainMenuState.hpp">
      <Filter>Pliki nagłówkowe</Filter>
    </ClInclude>
    <ClInclude Include="states\SettingsState.hpp">
      <Filter>Pliki nagłówkowe</Filter>
    </ClInclude>
    <ClInclude Include="states\State.hpp">
      <Filter>Pliki nagłówkowe</Filter>
    </ClInclude>
    <ClInclude Include="App.hpp">
      <Filter>Pliki nagłówkowe</Filter>
    </ClInclude>
    <ClInclude Include="gui\Button.hpp">
      <Filter>Pliki nagłówkowe</Filter>
    </ClInclude>
    <ClInclude Include="gui\CheckBox.hpp">
      <Filter>Pliki nagłówkowe</Filter>
    </ClInclude>
    <ClInclude Include="gui\DropdownList.hpp">
      <Filter>Pliki nagłówkowe</Filter>
    </ClInclude>
    <ClInclude Include="gui\gui.hpp">
      <Filter>Pliki nagłówkowe</Filter>
    </ClInclude>
    <ClInclude Include="gui\InputBox.hpp">
      <Filter>Pliki nagłówkowe</Filter>
    </ClInclude>
    <ClInclude Include="gui\MessageBox.hpp">
      <Filter>Pliki nagłówkowe</Filter>
    </ClInclude>
  </ItemGroup>
  <ItemGroup>
    <None Include="ftp client.slnx" />
  </ItemGroup>
  <ItemGroup>
    <Font Include="resources\font.ttf" />
  </ItemGroup>
  <ItemGroup>
    <Image Include="resources\icons\checkbox.png">
      <Filter>Pliki zasobów</Filter>
    </Image>
    <Image Include="resources\icons\file.png">
      <Filter>Pliki zasobów</Filter>
    </Image>
    <Image Include="resources\icons\folder.png">
      <Filter>Pliki zasobów</Filter>
    </Image>
  </ItemGroup>
</Project>